
Microsoft Visual Studio Solution File, Format Version 12.00
Project("{FAE04EC0-301F-11D3-BF4B-00C04F79EFBC}") = "Cella", "Cella\Cella.csproj", "{45FF1999-3514-4FD2-9B3C-F443FAE33028}"
EndProject
Project("{FAE04EC0-301F-11D3-BF4B-00C04F79EFBC}") = "CellaConsole", "CellaConsole\CellaConsole.csproj", "{A156629B-02F7-47B1-907F-C00976EC5E18}"
EndProject
Global
	GlobalSection(SolutionConfigurationPlatforms) = preSolution
		Debug|Any CPU = Debug|Any CPU
		Release|Any CPU = Release|Any CPU
	EndGlobalSection
	GlobalSection(ProjectConfigurationPlatforms) = postSolution
		{45FF1999-3514-4FD2-9B3C-F443FAE33028}.Debug|Any CPU.ActiveCfg = Debug|Any CPU
		{45FF1999-3514-4FD2-9B3C-F443FAE33028}.Debug|Any CPU.Build.0 = Debug|Any CPU
		{45FF1999-3514-4FD2-9B3C-F443FAE33028}.Release|Any CPU.ActiveCfg = Release|Any CPU
		{45FF1999-3514-4FD2-9B3C-F443FAE33028}.Release|Any CPU.Build.0 = Release|Any CPU
		{A156629B-02F7-47B1-907F-C00976EC5E18}.Debug|Any CPU.ActiveCfg = Debug|Any CPU
		{A156629B-02F7-47B1-907F-C00976EC5E18}.Debug|Any CPU.Build.0 = Debug|Any CPU
		{A156629B-02F7-47B1-907F-C00976EC5E18}.Release|Any CPU.ActiveCfg = Release|Any CPU
		{A156629B-02F7-47B1-907F-C00976EC5E18}.Release|Any CPU.Build.0 = Release|Any CPU
	EndGlobalSection
EndGlobal
